{
  "nodes": {
    "doomemacs": {
      "flake": false,
      "locked": {
        "lastModified": 1685489944,
        "narHash": "sha256-qAI2FbELXIYDMsgMjn19MhYS9WaOxzpcWrATgQW+RP8=",
        "owner": "doomemacs",
        "repo": "doomemacs",
        "rev": "07fca786154551f90f36535bfb21f8ca4abd5027",
        "type": "github"
      },
      "original": {
        "owner": "doomemacs",
        "repo": "doomemacs",
        "type": "github"
      }
    },
    "emacs-overlay": {
      "inputs": {
        "flake-utils": "flake-utils",
        "nixpkgs": "nixpkgs",
        "nixpkgs-stable": "nixpkgs-stable"
      },
      "locked": {
        "lastModified": 1688669521,
        "narHash": "sha256-TBVxhZXRmn60q1eaYsmTf91EXkc8iUkMYxqym4y5kEM=",
        "owner": "nix-community",
        "repo": "emacs-overlay",
        "rev": "dd1f9e916bb34d1aee6787ef8c0244a43ef9ebf0",
        "type": "github"
      },
      "original": {
        "owner": "nix-community",
        "repo": "emacs-overlay",
        "type": "github"
      }
    },
    "flake-compat": {
      "flake": false,
      "locked": {
        "lastModified": 1673956053,
        "narHash": "sha256-4gtG9iQuiKITOjNQQeQIpoIB6b16fm+504Ch3sNKLd8=",
        "owner": "edolstra",
        "repo": "flake-compat",
        "rev": "35bb57c0c8d8b62bbfd284272c928ceb64ddbde9",
        "type": "github"
      },
      "original": {
        "owner": "edolstra",
        "repo": "flake-compat",
        "type": "github"
      }
    },
    "flake-utils": {
      "inputs": {
        "systems": "systems"
      },
      "locked": {
        "lastModified": 1687709756,
        "narHash": "sha256-Y5wKlQSkgEK2weWdOu4J3riRd+kV/VCgHsqLNTTWQ/0=",
        "owner": "numtide",
        "repo": "flake-utils",
        "rev": "dbabf0ca0c0c4bce6ea5eaf65af5cb694d2082c7",
        "type": "github"
      },
      "original": {
        "owner": "numtide",
        "repo": "flake-utils",
        "type": "github"
      }
    },
    "flake-utils_2": {
      "inputs": {
        "systems": "systems_2"
      },
      "locked": {
        "lastModified": 1685518550,
        "narHash": "sha256-o2d0KcvaXzTrPRIo0kOLV0/QXHhDQ5DTi+OxcjO8xqY=",
        "owner": "numtide",
        "repo": "flake-utils",
        "rev": "a1720a10a6cfe8234c0e93907ffe81be440f4cef",
        "type": "github"
      },
      "original": {
        "owner": "numtide",
        "repo": "flake-utils",
        "type": "github"
      }
    },
    "gitignore": {
      "inputs": {
        "nixpkgs": [
          "pre-commit-hooks",
          "nixpkgs"
        ]
      },
      "locked": {
        "lastModified": 1660459072,
        "narHash": "sha256-8DFJjXG8zqoONA1vXtgeKXy68KdJL5UaXR8NtVMUbx8=",
        "owner": "hercules-ci",
        "repo": "gitignore.nix",
        "rev": "a20de23b925fd8264fd7fad6454652e142fd7f73",
        "type": "github"
      },
      "original": {
        "owner": "hercules-ci",
        "repo": "gitignore.nix",
        "type": "github"
      }
    },
    "home-manager": {
      "inputs": {
        "nixpkgs": [
          "nixpkgs"
        ]
      },
      "locked": {
        "lastModified": 1687871164,
        "narHash": "sha256-bBFlPthuYX322xOlpJvkjUBz0C+MOBjZdDOOJJ+G2jU=",
        "owner": "nix-community",
        "repo": "home-manager",
        "rev": "07c347bb50994691d7b0095f45ebd8838cf6bc38",
        "type": "github"
      },
      "original": {
        "owner": "nix-community",
        "ref": "release-23.05",
        "repo": "home-manager",
        "type": "github"
      }
    },
    "hosts-blocked": {
      "flake": false,
      "locked": {
        "narHash": "sha256-BfyQBZ0gyMyoB4xTaZ6a+anzdrSEhuXEcDsLHv16Bvs=",
        "type": "file",
        "url": "https://raw.githubusercontent.com/StevenBlack/hosts/master/hosts"
      },
      "original": {
        "type": "file",
        "url": "https://raw.githubusercontent.com/StevenBlack/hosts/master/hosts"
      }
    },
    "nixos-hardware": {
      "locked": {
        "lastModified": 1686838567,
        "narHash": "sha256-aqKCUD126dRlVSKV6vWuDCitfjFrZlkwNuvj5LtjRRU=",
        "owner": "nixos",
        "repo": "nixos-hardware",
        "rev": "429f232fe1dc398c5afea19a51aad6931ee0fb89",
        "type": "github"
      },
      "original": {
        "owner": "nixos",
        "repo": "nixos-hardware",
        "type": "github"
      }
    },
    "nixpkgs": {
      "locked": {
        "lastModified": 1688590700,
        "narHash": "sha256-ZF055rIUP89cVwiLpG5xkJzx00gEuuGFF60Bs/LM3wc=",
        "owner": "NixOS",
        "repo": "nixpkgs",
        "rev": "f292b4964cb71f9dfbbd30dc9f511d6165cd109b",
        "type": "github"
      },
      "original": {
        "owner": "NixOS",
        "ref": "nixos-unstable",
        "repo": "nixpkgs",
        "type": "github"
      }
    },
    "nixpkgs-stable": {
      "locked": {
        "lastModified": 1688594934,
        "narHash": "sha256-3dUo20PsmUd57jVZRx5vgKyIN1tv+v/JQweZsve5q/A=",
        "owner": "NixOS",
        "repo": "nixpkgs",
        "rev": "e11142026e2cef35ea52c9205703823df225c947",
        "type": "github"
      },
      "original": {
        "owner": "NixOS",
        "ref": "nixos-23.05",
        "repo": "nixpkgs",
        "type": "github"
      }
    },
    "nixpkgs-unstable": {
      "locked": {
        "lastModified": 1688646010,
        "narHash": "sha256-kCeza5eKI2NEi8k0EoeZfv3lN1r1Vwx+L/VA6I8tmG4=",
        "owner": "NixOS",
        "repo": "nixpkgs",
        "rev": "5daaa32204e9c46b05cd709218b7ba733d07e80c",
        "type": "github"
      },
      "original": {
        "id": "nixpkgs",
        "ref": "nixpkgs-unstable",
        "type": "indirect"
      }
    },
    "nixpkgs_2": {
      "locked": {
        "lastModified": 1688594934,
        "narHash": "sha256-3dUo20PsmUd57jVZRx5vgKyIN1tv+v/JQweZsve5q/A=",
        "owner": "NixOS",
        "repo": "nixpkgs",
        "rev": "e11142026e2cef35ea52c9205703823df225c947",
        "type": "github"
      },
      "original": {
        "id": "nixpkgs",
        "ref": "nixos-23.05",
        "type": "indirect"
      }
    },
    "nur": {
      "locked": {
        "lastModified": 1688676346,
        "narHash": "sha256-S5svlg2eqvMVfUkEQP6ydvOo/b5Y6XuUPogz2gBcZQs=",
        "owner": "nix-community",
        "repo": "NUR",
        "rev": "9118afd450a5feb9ca326ffcac24ba17b3af358a",
        "type": "github"
      },
      "original": {
        "owner": "nix-community",
        "repo": "NUR",
        "type": "github"
      }
    },
    "pre-commit-hooks": {
      "inputs": {
        "flake-compat": "flake-compat",
        "flake-utils": "flake-utils_2",
        "gitignore": "gitignore",
        "nixpkgs": [
          "nixpkgs-unstable"
        ],
        "nixpkgs-stable": [
          "nixpkgs"
        ]
      },
      "locked": {
        "lastModified": 1688596063,
        "narHash": "sha256-9t7RxBiKWHygsqXtiNATTJt4lim/oSYZV3RG8OjDDng=",
        "owner": "cachix",
        "repo": "pre-commit-hooks.nix",
        "rev": "c8d18ba345730019c3faf412c96a045ade171895",
        "type": "github"
      },
      "original": {
        "owner": "cachix",
        "repo": "pre-commit-hooks.nix",
        "type": "github"
      }
    },
    "root": {
      "inputs": {
        "doomemacs": "doomemacs",
        "emacs-overlay": "emacs-overlay",
        "home-manager": "home-manager",
        "hosts-blocked": "hosts-blocked",
        "nixos-hardware": "nixos-hardware",
        "nixpkgs": "nixpkgs_2",
        "nixpkgs-unstable": "nixpkgs-unstable",
        "nur": "nur",
        "pre-commit-hooks": "pre-commit-hooks"
      }
    },
    "systems": {
      "locked": {
        "lastModified": 1681028828,
        "narHash": "sha256-Vy1rq5AaRuLzOxct8nz4T6wlgyUR7zLU309k9mBC768=",
        "owner": "nix-systems",
        "repo": "default",
        "rev": "da67096a3b9bf56a91d16901293e51ba5b49a27e",
        "type": "github"
      },
      "original": {
        "owner": "nix-systems",
        "repo": "default",
        "type": "github"
      }
    },
    "systems_2": {
      "locked": {
        "lastModified": 1681028828,
        "narHash": "sha256-Vy1rq5AaRuLzOxct8nz4T6wlgyUR7zLU309k9mBC768=",
        "owner": "nix-systems",
        "repo": "default",
        "rev": "da67096a3b9bf56a91d16901293e51ba5b49a27e",
        "type": "github"
      },
      "original": {
        "owner": "nix-systems",
        "repo": "default",
        "type": "github"
      }
    }
  },
  "root": "root",
  "version": 7
}
